// !$*UTF8*$!
{
	archiveVersion = 1;
	classes = {
	};
	objectVersion = 50;
	objects = {

/* Begin PBXBuildFile section */
		C46F78672626AB330099C0FC /* AppDelegate.swift in Sources */ = {isa = PBXBuildFile; fileRef = C46F78662626AB330099C0FC /* AppDelegate.swift */; };
		C46F78692626AB330099C0FC /* SceneDelegate.swift in Sources */ = {isa = PBXBuildFile; fileRef = C46F78682626AB330099C0FC /* SceneDelegate.swift */; };
		C46F786B2626AB330099C0FC /* HomeViewController.swift in Sources */ = {isa = PBXBuildFile; fileRef = C46F786A2626AB330099C0FC /* HomeViewController.swift */; };
		C46F78702626AB350099C0FC /* Assets.xcassets in Resources */ = {isa = PBXBuildFile; fileRef = C46F786F2626AB350099C0FC /* Assets.xcassets */; };
		C46F78732626AB350099C0FC /* LaunchScreen.storyboard in Resources */ = {isa = PBXBuildFile; fileRef = C46F78712626AB350099C0FC /* LaunchScreen.storyboard */; };
		C4BD73842628014B00449C2D /* TabBarViewController.swift in Sources */ = {isa = PBXBuildFile; fileRef = C4BD73832628014B00449C2D /* TabBarViewController.swift */; };
		C4BD73892628019A00449C2D /* SearchViewController.swift in Sources */ = {isa = PBXBuildFile; fileRef = C4BD73882628019A00449C2D /* SearchViewController.swift */; };
		C4BD738D262801E100449C2D /* LibraryViewController.swift in Sources */ = {isa = PBXBuildFile; fileRef = C4BD738C262801E100449C2D /* LibraryViewController.swift */; };
		C4BD73922628027000449C2D /* AuthViewController.swift in Sources */ = {isa = PBXBuildFile; fileRef = C4BD73912628027000449C2D /* AuthViewController.swift */; };
		C4BD73962628028300449C2D /* WelcomeViewController.swift in Sources */ = {isa = PBXBuildFile; fileRef = C4BD73952628028300449C2D /* WelcomeViewController.swift */; };
		C4BD7399262802A400449C2D /* SettingsViewController.swift in Sources */ = {isa = PBXBuildFile; fileRef = C4BD7398262802A400449C2D /* SettingsViewController.swift */; };
		C4BD739C262802BA00449C2D /* ProfileViewController.swift in Sources */ = {isa = PBXBuildFile; fileRef = C4BD739B262802BA00449C2D /* ProfileViewController.swift */; };
		C4BD739F262802D000449C2D /* PlayerViewController.swift in Sources */ = {isa = PBXBuildFile; fileRef = C4BD739E262802D000449C2D /* PlayerViewController.swift */; };
		C4BD73A2262802EA00449C2D /* PlaylistViewController.swift in Sources */ = {isa = PBXBuildFile; fileRef = C4BD73A1262802EA00449C2D /* PlaylistViewController.swift */; };
		C4BD73A52628030C00449C2D /* SearchResultsViewController.swift in Sources */ = {isa = PBXBuildFile; fileRef = C4BD73A42628030C00449C2D /* SearchResultsViewController.swift */; };
		C4BD73A8262846C300449C2D /* AuthManager.swift in Sources */ = {isa = PBXBuildFile; fileRef = C4BD73A7262846C300449C2D /* AuthManager.swift */; };
		C4BD73AE262846FA00449C2D /* HapticsManager.swift in Sources */ = {isa = PBXBuildFile; fileRef = C4BD73AD262846FA00449C2D /* HapticsManager.swift */; };
		C4BD73B22628474300449C2D /* APIManager.swift in Sources */ = {isa = PBXBuildFile; fileRef = C4BD73B12628474300449C2D /* APIManager.swift */; };
/* End PBXBuildFile section */

/* Begin PBXFileReference section */
		C46F78632626AB330099C0FC /* Spotify.app */ = {isa = PBXFileReference; explicitFileType = wrapper.application; includeInIndex = 0; path = Spotify.app; sourceTree = BUILT_PRODUCTS_DIR; };
		C46F78662626AB330099C0FC /* AppDelegate.swift */ = {isa = PBXFileReference; lastKnownFileType = sourcecode.swift; path = AppDelegate.swift; sourceTree = "<group>"; };
		C46F78682626AB330099C0FC /* SceneDelegate.swift */ = {isa = PBXFileReference; lastKnownFileType = sourcecode.swift; path = SceneDelegate.swift; sourceTree = "<group>"; };
		C46F786A2626AB330099C0FC /* HomeViewController.swift */ = {isa = PBXFileReference; lastKnownFileType = sourcecode.swift; path = HomeViewController.swift; sourceTree = "<group>"; };
		C46F786F2626AB350099C0FC /* Assets.xcassets */ = {isa = PBXFileReference; lastKnownFileType = folder.assetcatalog; path = Assets.xcassets; sourceTree = "<group>"; };
		C46F78722626AB350099C0FC /* Base */ = {isa = PBXFileReference; lastKnownFileType = file.storyboard; name = Base; path = Base.lproj/LaunchScreen.storyboard; sourceTree = "<group>"; };
		C46F78742626AB350099C0FC /* Info.plist */ = {isa = PBXFileReference; lastKnownFileType = text.plist.xml; path = Info.plist; sourceTree = "<group>"; };
		C4BD73832628014B00449C2D /* TabBarViewController.swift */ = {isa = PBXFileReference; lastKnownFileType = sourcecode.swift; path = TabBarViewController.swift; sourceTree = "<group>"; };
		C4BD73882628019A00449C2D /* SearchViewController.swift */ = {isa = PBXFileReference; lastKnownFileType = sourcecode.swift; path = SearchViewController.swift; sourceTree = "<group>"; };
		C4BD738C262801E100449C2D /* LibraryViewController.swift */ = {isa = PBXFileReference; lastKnownFileType = sourcecode.swift; path = LibraryViewController.swift; sourceTree = "<group>"; };
		C4BD73912628027000449C2D /* AuthViewController.swift */ = {isa = PBXFileReference; lastKnownFileType = sourcecode.swift; path = AuthViewController.swift; sourceTree = "<group>"; };
		C4BD73952628028300449C2D /* WelcomeViewController.swift */ = {isa = PBXFileReference; lastKnownFileType = sourcecode.swift; path = WelcomeViewController.swift; sourceTree = "<group>"; };
		C4BD7398262802A400449C2D /* SettingsViewController.swift */ = {isa = PBXFileReference; lastKnownFileType = sourcecode.swift; path = SettingsViewController.swift; sourceTree = "<group>"; };
		C4BD739B262802BA00449C2D /* ProfileViewController.swift */ = {isa = PBXFileReference; lastKnownFileType = sourcecode.swift; path = ProfileViewController.swift; sourceTree = "<group>"; };
		C4BD739E262802D000449C2D /* PlayerViewController.swift */ = {isa = PBXFileReference; lastKnownFileType = sourcecode.swift; path = PlayerViewController.swift; sourceTree = "<group>"; };
		C4BD73A1262802EA00449C2D /* PlaylistViewController.swift */ = {isa = PBXFileReference; lastKnownFileType = sourcecode.swift; path = PlaylistViewController.swift; sourceTree = "<group>"; };
		C4BD73A42628030C00449C2D /* SearchResultsViewController.swift */ = {isa = PBXFileReference; lastKnownFileType = sourcecode.swift; path = SearchResultsViewController.swift; sourceTree = "<group>"; };
		C4BD73A7262846C300449C2D /* AuthManager.swift */ = {isa = PBXFileReference; lastKnownFileType = sourcecode.swift; path = AuthManager.swift; sourceTree = "<group>"; };
		C4BD73AD262846FA00449C2D /* HapticsManager.swift */ = {isa = PBXFileReference; lastKnownFileType = sourcecode.swift; path = HapticsManager.swift; sourceTree = "<group>"; };
		C4BD73B12628474300449C2D /* APIManager.swift */ = {isa = PBXFileReference; lastKnownFileType = sourcecode.swift; path = APIManager.swift; sourceTree = "<group>"; };
/* End PBXFileReference section */

/* Begin PBXFrameworksBuildPhase section */
		C46F78602626AB330099C0FC /* Frameworks */ = {
			isa = PBXFrameworksBuildPhase;
			buildActionMask = 2147483647;
			files = (
			);
			runOnlyForDeploymentPostprocessing = 0;
		};
/* End PBXFrameworksBuildPhase section */

/* Begin PBXGroup section */
		C46F785A2626AB330099C0FC = {
			isa = PBXGroup;
			children = (
				C46F78652626AB330099C0FC /* Spotify */,
				C46F78642626AB330099C0FC /* Products */,
			);
			sourceTree = "<group>";
		};
		C46F78642626AB330099C0FC /* Products */ = {
			isa = PBXGroup;
			children = (
				C46F78632626AB330099C0FC /* Spotify.app */,
			);
			name = Products;
			sourceTree = "<group>";
		};
		C46F78652626AB330099C0FC /* Spotify */ = {
			isa = PBXGroup;
			children = (
				C46F78802627FE430099C0FC /* Resources */,
				C46F787F2627FE340099C0FC /* Managers */,
				C46F787E2627FE2A0099C0FC /* ViewModels */,
				C46F787D2627FE1E0099C0FC /* Models */,
				C46F787C2627FE180099C0FC /* Views */,
				C46F787B2627FE090099C0FC /* Controllers */,
				C46F78742626AB350099C0FC /* Info.plist */,
			);
			path = Spotify;
			sourceTree = "<group>";
		};
		C46F787B2627FE090099C0FC /* Controllers */ = {
			isa = PBXGroup;
			children = (
				C4BD738F2628020800449C2D /* Core */,
				C4BD73902628023600449C2D /* Other */,
			);
			path = Controllers;
			sourceTree = "<group>";
		};
		C46F787C2627FE180099C0FC /* Views */ = {
			isa = PBXGroup;
			children = (
				C46F78712626AB350099C0FC /* LaunchScreen.storyboard */,
			);
			path = Views;
			sourceTree = "<group>";
		};
		C46F787D2627FE1E0099C0FC /* Models */ = {
			isa = PBXGroup;
			children = (
			);
			path = Models;
			sourceTree = "<group>";
		};
		C46F787E2627FE2A0099C0FC /* ViewModels */ = {
			isa = PBXGroup;
			children = (
			);
			path = ViewModels;
			sourceTree = "<group>";
		};
		C46F787F2627FE340099C0FC /* Managers */ = {
			isa = PBXGroup;
			children = (
				C4BD73A7262846C300449C2D /* AuthManager.swift */,
				C4BD73B12628474300449C2D /* APIManager.swift */,
				C4BD73AD262846FA00449C2D /* HapticsManager.swift */,
			);
			path = Managers;
			sourceTree = "<group>";
		};
		C46F78802627FE430099C0FC /* Resources */ = {
			isa = PBXGroup;
			children = (
				C46F786F2626AB350099C0FC /* Assets.xcassets */,
				C46F78662626AB330099C0FC /* AppDelegate.swift */,
				C46F78682626AB330099C0FC /* SceneDelegate.swift */,
			);
			path = Resources;
			sourceTree = "<group>";
		};
		C4BD738F2628020800449C2D /* Core */ = {
			isa = PBXGroup;
			children = (
				C4BD73832628014B00449C2D /* TabBarViewController.swift */,
				C46F786A2626AB330099C0FC /* HomeViewController.swift */,
				C4BD73882628019A00449C2D /* SearchViewController.swift */,
				C4BD738C262801E100449C2D /* LibraryViewController.swift */,
			);
			path = Core;
			sourceTree = "<group>";
		};
		C4BD73902628023600449C2D /* Other */ = {
			isa = PBXGroup;
			children = (
				C4BD73912628027000449C2D /* AuthViewController.swift */,
				C4BD73952628028300449C2D /* WelcomeViewController.swift */,
				C4BD7398262802A400449C2D /* SettingsViewController.swift */,
				C4BD739B262802BA00449C2D /* ProfileViewController.swift */,
				C4BD739E262802D000449C2D /* PlayerViewController.swift */,
				C4BD73A1262802EA00449C2D /* PlaylistViewController.swift */,
				C4BD73A42628030C00449C2D /* SearchResultsViewController.swift */,
			);
			path = Other;
			sourceTree = "<group>";
		};
/* End PBXGroup section */

/* Begin PBXNativeTarget section */
		C46F78622626AB330099C0FC /* Spotify */ = {
			isa = PBXNativeTarget;
			buildConfigurationList = C46F78772626AB350099C0FC /* Build configuration list for PBXNativeTarget "Spotify" */;
			buildPhases = (
				C46F785F2626AB330099C0FC /* Sources */,
				C46F78602626AB330099C0FC /* Frameworks */,
				C46F78612626AB330099C0FC /* Resources */,
			);
			buildRules = (
			);
			dependencies = (
			);
			name = Spotify;
			productName = Spotify;
			productReference = C46F78632626AB330099C0FC /* Spotify.app */;
			productType = "com.apple.product-type.application";
		};
/* End PBXNativeTarget section */

/* Begin PBXProject section */
		C46F785B2626AB330099C0FC /* Project object */ = {
			isa = PBXProject;
			attributes = {
				LastSwiftUpdateCheck = 1240;
				LastUpgradeCheck = 1240;
				TargetAttributes = {
					C46F78622626AB330099C0FC = {
						CreatedOnToolsVersion = 12.4;
					};
				};
			};
			buildConfigurationList = C46F785E2626AB330099C0FC /* Build configuration list for PBXProject "Spotify" */;
			compatibilityVersion = "Xcode 9.3";
			developmentRegion = en;
			hasScannedForEncodings = 0;
			knownRegions = (
				en,
				Base,
			);
			mainGroup = C46F785A2626AB330099C0FC;
			productRefGroup = C46F78642626AB330099C0FC /* Products */;
			projectDirPath = "";
			projectRoot = "";
			targets = (
				C46F78622626AB330099C0FC /* Spotify */,
			);
		};
/* End PBXProject section */

/* Begin PBXResourcesBuildPhase section */
		C46F78612626AB330099C0FC /* Resources */ = {
			isa = PBXResourcesBuildPhase;
			buildActionMask = 2147483647;
			files = (
				C46F78732626AB350099C0FC /* LaunchScreen.storyboard in Resources */,
				C46F78702626AB350099C0FC /* Assets.xcassets in Resources */,
			);
			runOnlyForDeploymentPostprocessing = 0;
		};
/* End PBXResourcesBuildPhase section */

/* Begin PBXSourcesBuildPhase section */
		C46F785F2626AB330099C0FC /* Sources */ = {
			isa = PBXSourcesBuildPhase;
			buildActionMask = 2147483647;
			files = (
				C4BD73B22628474300449C2D /* APIManager.swift in Sources */,
				C4BD73892628019A00449C2D /* SearchViewController.swift in Sources */,
				C4BD73A8262846C300449C2D /* AuthManager.swift in Sources */,
				C4BD73A52628030C00449C2D /* SearchResultsViewController.swift in Sources */,
				C4BD73962628028300449C2D /* WelcomeViewController.swift in Sources */,
				C4BD739C262802BA00449C2D /* ProfileViewController.swift in Sources */,
				C4BD73842628014B00449C2D /* TabBarViewController.swift in Sources */,
				C4BD73AE262846FA00449C2D /* HapticsManager.swift in Sources */,
				C46F786B2626AB330099C0FC /* HomeViewController.swift in Sources */,
				C4BD73922628027000449C2D /* AuthViewController.swift in Sources */,
				C46F78672626AB330099C0FC /* AppDelegate.swift in Sources */,
				C4BD738D262801E100449C2D /* LibraryViewController.swift in Sources */,
				C4BD73A2262802EA00449C2D /* PlaylistViewController.swift in Sources */,
				C46F78692626AB330099C0FC /* SceneDelegate.swift in Sources */,
				C4BD739F262802D000449C2D /* PlayerViewController.swift in Sources */,
				C4BD7399262802A400449C2D /* SettingsViewController.swift in Sources */,
			);
			runOnlyForDeploymentPostprocessing = 0;
		};
/* End PBXSourcesBuildPhase section */

/* Begin PBXVariantGroup section */
		C46F78712626AB350099C0FC /* LaunchScreen.storyboard */ = {
			isa = PBXVariantGroup;
			children = (
				C46F78722626AB350099C0FC /* Base */,
			);
			name = LaunchScreen.storyboard;
			sourceTree = "<group>";
		};
/* End PBXVariantGroup section */

/* Begin XCBuildConfiguration section */
		C46F78752626AB350099C0FC /* Debug */ = {
			isa = XCBuildConfiguration;
			buildSettings = {
				ALWAYS_SEARCH_USER_PATHS = NO;
				CLANG_ANALYZER_NONNULL = YES;
				CLANG_ANALYZER_NUMBER_OBJECT_CONVERSION = YES_AGGRESSIVE;
				CLANG_CXX_LANGUAGE_STANDARD = "gnu++14";
				CLANG_CXX_LIBRARY = "libc++";
				CLANG_ENABLE_MODULES = YES;
				CLANG_ENABLE_OBJC_ARC = YES;
				CLANG_ENABLE_OBJC_WEAK = YES;
				CLANG_WARN_BLOCK_CAPTURE_AUTORELEASING = YES;
				CLANG_WARN_BOOL_CONVERSION = YES;
				CLANG_WARN_COMMA = YES;
				CLANG_WARN_CONSTANT_CONVERSION = YES;
				CLANG_WARN_DEPRECATED_OBJC_IMPLEMENTATIONS = YES;
				CLANG_WARN_DIRECT_OBJC_ISA_USAGE = YES_ERROR;
				CLANG_WARN_DOCUMENTATION_COMMENTS = YES;
				CLANG_WARN_EMPTY_BODY = YES;
				CLANG_WARN_ENUM_CONVERSION = YES;
				CLANG_WARN_INFINITE_RECURSION = YES;
				CLANG_WARN_INT_CONVERSION = YES;
				CLANG_WARN_NON_LITERAL_NULL_CONVERSION = YES;
				CLANG_WARN_OBJC_IMPLICIT_RETAIN_SELF = YES;
				CLANG_WARN_OBJC_LITERAL_CONVERSION = YES;
				CLANG_WARN_OBJC_ROOT_CLASS = YES_ERROR;
				CLANG_WARN_QUOTED_INCLUDE_IN_FRAMEWORK_HEADER = YES;
				CLANG_WARN_RANGE_LOOP_ANALYSIS = YES;
				CLANG_WARN_STRICT_PROTOTYPES = YES;
				CLANG_WARN_SUSPICIOUS_MOVE = YES;
				CLANG_WARN_UNGUARDED_AVAILABILITY = YES_AGGRESSIVE;
				CLANG_WARN_UNREACHABLE_CODE = YES;
				CLANG_WARN__DUPLICATE_METHOD_MATCH = YES;
				COPY_PHASE_STRIP = NO;
				DEBUG_INFORMATION_FORMAT = dwarf;
				ENABLE_STRICT_OBJC_MSGSEND = YES;
				ENABLE_TESTABILITY = YES;
				GCC_C_LANGUAGE_STANDARD = gnu11;
				GCC_DYNAMIC_NO_PIC = NO;
				GCC_NO_COMMON_BLOCKS = YES;
				GCC_OPTIMIZATION_LEVEL = 0;
				GCC_PREPROCESSOR_DEFINITIONS = (
					"DEBUG=1",
					"$(inherited)",
				);
				GCC_WARN_64_TO_32_BIT_CONVERSION = YES;
				GCC_WARN_ABOUT_RETURN_TYPE = YES_ERROR;
				GCC_WARN_UNDECLARED_SELECTOR = YES;
				GCC_WARN_UNINITIALIZED_AUTOS = YES_AGGRESSIVE;
				GCC_WARN_UNUSED_FUNCTION = YES;
				GCC_WARN_UNUSED_VARIABLE = YES;
				IPHONEOS_DEPLOYMENT_TARGET = 14.4;
				MTL_ENABLE_DEBUG_INFO = INCLUDE_SOURCE;
				MTL_FAST_MATH = YES;
				ONLY_ACTIVE_ARCH = YES;
				SDKROOT = iphoneos;
				SWIFT_ACTIVE_COMPILATION_CONDITIONS = DEBUG;
				SWIFT_OPTIMIZATION_LEVEL = "-Onone";
			};
			name = Debug;
		};
		C46F78762626AB350099C0FC /* Release */ = {
			isa = XCBuildConfiguration;
			buildSettings = {
				ALWAYS_SEARCH_USER_PATHS = NO;
				CLANG_ANALYZER_NONNULL = YES;
				CLANG_ANALYZER_NUMBER_OBJECT_CONVERSION = YES_AGGRESSIVE;
				CLANG_CXX_LANGUAGE_STANDARD = "gnu++14";
				CLANG_CXX_LIBRARY = "libc++";
				CLANG_ENABLE_MODULES = YES;
				CLANG_ENABLE_OBJC_ARC = YES;
				CLANG_ENABLE_OBJC_WEAK = YES;
				CLANG_WARN_BLOCK_CAPTURE_AUTORELEASING = YES;
				CLANG_WARN_BOOL_CONVERSION = YES;
				CLANG_WARN_COMMA = YES;
				CLANG_WARN_CONSTANT_CONVERSION = YES;
				CLANG_WARN_DEPRECATED_OBJC_IMPLEMENTATIONS = YES;
				CLANG_WARN_DIRECT_OBJC_ISA_USAGE = YES_ERROR;
				CLANG_WARN_DOCUMENTATION_COMMENTS = YES;
				CLANG_WARN_EMPTY_BODY = YES;
				CLANG_WARN_ENUM_CONVERSION = YES;
				CLANG_WARN_INFINITE_RECURSION = YES;
				CLANG_WARN_INT_CONVERSION = YES;
				CLANG_WARN_NON_LITERAL_NULL_CONVERSION = YES;
				CLANG_WARN_OBJC_IMPLICIT_RETAIN_SELF = YES;
				CLANG_WARN_OBJC_LITERAL_CONVERSION = YES;
				CLANG_WARN_OBJC_ROOT_CLASS = YES_ERROR;
				CLANG_WARN_QUOTED_INCLUDE_IN_FRAMEWORK_HEADER = YES;
				CLANG_WARN_RANGE_LOOP_ANALYSIS = YES;
				CLANG_WARN_STRICT_PROTOTYPES = YES;
				CLANG_WARN_SUSPICIOUS_MOVE = YES;
				CLANG_WARN_UNGUARDED_AVAILABILITY = YES_AGGRESSIVE;
				CLANG_WARN_UNREACHABLE_CODE = YES;
				CLANG_WARN__DUPLICATE_METHOD_MATCH = YES;
				COPY_PHASE_STRIP = NO;
				DEBUG_INFORMATION_FORMAT = "dwarf-with-dsym";
				ENABLE_NS_ASSERTIONS = NO;
				ENABLE_STRICT_OBJC_MSGSEND = YES;
				GCC_C_LANGUAGE_STANDARD = gnu11;
				GCC_NO_COMMON_BLOCKS = YES;
				GCC_WARN_64_TO_32_BIT_CONVERSION = YES;
				GCC_WARN_ABOUT_RETURN_TYPE = YES_ERROR;
				GCC_WARN_UNDECLARED_SELECTOR = YES;
				GCC_WARN_UNINITIALIZED_AUTOS = YES_AGGRESSIVE;
				GCC_WARN_UNUSED_FUNCTION = YES;
				GCC_WARN_UNUSED_VARIABLE = YES;
				IPHONEOS_DEPLOYMENT_TARGET = 14.4;
				MTL_ENABLE_DEBUG_INFO = NO;
				MTL_FAST_MATH = YES;
				SDKROOT = iphoneos;
				SWIFT_COMPILATION_MODE = wholemodule;
				SWIFT_OPTIMIZATION_LEVEL = "-O";
				VALIDATE_PRODUCT = YES;
			};
			name = Release;
		};
		C46F78782626AB350099C0FC /* Debug */ = {
			isa = XCBuildConfiguration;
			buildSettings = {
				ASSETCATALOG_COMPILER_APPICON_NAME = AppIcon;
				ASSETCATALOG_COMPILER_GLOBAL_ACCENT_COLOR_NAME = AccentColor;
				CODE_SIGN_STYLE = Automatic;
				INFOPLIST_FILE = Spotify/Info.plist;
				LD_RUNPATH_SEARCH_PATHS = (
					"$(inherited)",
					"@executable_path/Frameworks",
				);
				PRODUCT_BUNDLE_IDENTIFIER = com.rmznabb.Spotify;
				PRODUCT_NAME = "$(TARGET_NAME)";
				SWIFT_VERSION = 5.0;
				TARGETED_DEVICE_FAMILY = "1,2";
			};
			name = Debug;
		};
		C46F78792626AB350099C0FC /* Release */ = {
			isa = XCBuildConfiguration;
			buildSettings = {
				ASSETCATALOG_COMPILER_APPICON_NAME = AppIcon;
				ASSETCATALOG_COMPILER_GLOBAL_ACCENT_COLOR_NAME = AccentColor;
				CODE_SIGN_STYLE = Automatic;
				INFOPLIST_FILE = Spotify/Info.plist;
				LD_RUNPATH_SEARCH_PATHS = (
					"$(inherited)",
					"@executable_path/Frameworks",
				);
				PRODUCT_BUNDLE_IDENTIFIER = com.rmznabb.Spotify;
				PRODUCT_NAME = "$(TARGET_NAME)";
				SWIFT_VERSION = 5.0;
				TARGETED_DEVICE_FAMILY = "1,2";
			};
			name = Release;
		};
/* End XCBuildConfiguration section */

/* Begin XCConfigurationList section */
		C46F785E2626AB330099C0FC /* Build configuration list for PBXProject "Spotify" */ = {
			isa = XCConfigurationList;
			buildConfigurations = (
				C46F78752626AB350099C0FC /* Debug */,
				C46F78762626AB350099C0FC /* Release */,
			);
			defaultConfigurationIsVisible = 0;
			defaultConfigurationName = Release;
		};
		C46F78772626AB350099C0FC /* Build configuration list for PBXNativeTarget "Spotify" */ = {
			isa = XCConfigurationList;
			buildConfigurations = (
				C46F78782626AB350099C0FC /* Debug */,
				C46F78792626AB350099C0FC /* Release */,
			);
			defaultConfigurationIsVisible = 0;
			defaultConfigurationName = Release;
		};
/* End XCConfigurationList section */
	};
	rootObject = C46F785B2626AB330099C0FC /* Project object */;
}
